PODS:
  - Adjust (5.4.6):
    - Adjust/Adjust (= 5.4.6)
  - Adjust/Adjust (5.4.6):
    - AdjustSignature (= 3.61.0)
  - adjust_sdk (5.4.5):
    - Adjust (= 5.4.6)
    - Flutter
  - AdjustSignature (3.61.0)
  - app_settings (5.1.1):
    - Flutter
  - applovin_max (4.6.0):
    - AppLovinSDK (= 13.5.0)
    - Flutter
  - AppLovinSDK (13.5.0)
  - audioplayers_darwin (0.0.1):
    - Flutter
    - FlutterMacOS
  - connectivity_plus (0.0.1):
    - Flutter
  - FBAEMKit (17.4.0):
    - FBSDKCoreKit_Basics (= 17.4.0)
  - FBSDKCoreKit (17.4.0):
    - FBAEMKit (= 17.4.0)
    - FBSDKCoreKit_Basics (= 17.4.0)
  - FBSDKCoreKit_Basics (17.4.0)
  - Firebase/Analytics (11.15.0):
    - Firebase/Core
  - Firebase/Core (11.15.0):
    - Firebase/CoreOnly
    - FirebaseAnalytics (~> 11.15.0)
  - Firebase/CoreOnly (11.15.0):
    - FirebaseCore (~> 11.15.0)
  - Firebase/RemoteConfig (11.15.0):
    - Firebase/CoreOnly
    - FirebaseRemoteConfig (~> 11.15.0)
  - firebase_analytics (11.5.2):
    - Firebase/Analytics (= 11.15.0)
    - firebase_core
    - Flutter
  - firebase_core (3.15.1):
    - Firebase/CoreOnly (= 11.15.0)
    - Flutter
  - firebase_remote_config (5.4.7):
    - Firebase/RemoteConfig (= 11.15.0)
    - firebase_core
    - Flutter
  - FirebaseABTesting (11.15.0):
    - FirebaseCore (~> 11.15.0)
  - FirebaseAnalytics (11.15.0):
    - FirebaseAnalytics/Default (= 11.15.0)
    - FirebaseCore (~> 11.15.0)
    - FirebaseInstallations (~> 11.0)
    - GoogleUtilities/AppDelegateSwizzler (~> 8.1)
    - GoogleUtilities/MethodSwizzler (~> 8.1)
    - GoogleUtilities/Network (~> 8.1)
    - "GoogleUtilities/NSData+zlib (~> 8.1)"
    - nanopb (~> 3.30910.0)
  - FirebaseAnalytics/Default (11.15.0):
    - FirebaseCore (~> 11.15.0)
    - FirebaseInstallations (~> 11.0)
    - GoogleAppMeasurement/Default (= 11.15.0)
    - GoogleUtilities/AppDelegateSwizzler (~> 8.1)
    - GoogleUtilities/MethodSwizzler (~> 8.1)
    - GoogleUtilities/Network (~> 8.1)
    - "GoogleUtilities/NSData+zlib (~> 8.1)"
    - nanopb (~> 3.30910.0)
  - FirebaseCore (11.15.0):
    - FirebaseCoreInternal (~> 11.15.0)
    - GoogleUtilities/Environment (~> 8.1)
    - GoogleUtilities/Logger (~> 8.1)
  - FirebaseCoreInternal (11.15.0):
    - "GoogleUtilities/NSData+zlib (~> 8.1)"
  - FirebaseInstallations (11.15.0):
    - FirebaseCore (~> 11.15.0)
    - GoogleUtilities/Environment (~> 8.1)
    - GoogleUtilities/UserDefaults (~> 8.1)
    - PromisesObjC (~> 2.4)
  - FirebaseRemoteConfig (11.15.0):
    - FirebaseABTesting (~> 11.0)
    - FirebaseCore (~> 11.15.0)
    - FirebaseInstallations (~> 11.0)
    - FirebaseRemoteConfigInterop (~> 11.0)
    - FirebaseSharedSwift (~> 11.0)
    - GoogleUtilities/Environment (~> 8.1)
    - "GoogleUtilities/NSData+zlib (~> 8.1)"
  - FirebaseRemoteConfigInterop (11.15.0)
  - FirebaseSharedSwift (11.15.0)
  - flora121_base (0.0.1):
    - Flutter
  - flora121_package_a (0.0.1):
    - Flutter
  - flora121_package_b (0.0.1):
    - Flutter
  - Flutter (1.0.0)
  - flutter_app_lifecycle (0.0.1):
    - Flutter
  - flutter_check_adjust (0.0.1):
    - Flutter
  - flutter_custom_facebook (0.0.1):
    - FBSDKCoreKit (~> 17.0)
    - Flutter
  - flutter_ios_ad_plugins (0.0.1):
    - Flutter
  - flutter_local_notifications (0.0.1):
    - Flutter
  - flutter_tba_info (0.0.1):
    - Flutter
  - fluttertoast (0.0.2):
    - Flutter
  - GoogleAdsOnDeviceConversion (2.1.0):
    - GoogleUtilities/Logger (~> 8.1)
    - GoogleUtilities/Network (~> 8.1)
    - nanopb (~> 3.30910.0)
  - GoogleAppMeasurement/Core (11.15.0):
    - GoogleUtilities/AppDelegateSwizzler (~> 8.1)
    - GoogleUtilities/MethodSwizzler (~> 8.1)
    - GoogleUtilities/Network (~> 8.1)
    - "GoogleUtilities/NSData+zlib (~> 8.1)"
    - nanopb (~> 3.30910.0)
  - GoogleAppMeasurement/Default (11.15.0):
    - GoogleAdsOnDeviceConversion (= 2.1.0)
    - GoogleAppMeasurement/Core (= 11.15.0)
    - GoogleAppMeasurement/IdentitySupport (= 11.15.0)
    - GoogleUtilities/AppDelegateSwizzler (~> 8.1)
    - GoogleUtilities/MethodSwizzler (~> 8.1)
    - GoogleUtilities/Network (~> 8.1)
    - "GoogleUtilities/NSData+zlib (~> 8.1)"
    - nanopb (~> 3.30910.0)
  - GoogleAppMeasurement/IdentitySupport (11.15.0):
    - GoogleAppMeasurement/Core (= 11.15.0)
    - GoogleUtilities/AppDelegateSwizzler (~> 8.1)
    - GoogleUtilities/MethodSwizzler (~> 8.1)
    - GoogleUtilities/Network (~> 8.1)
    - "GoogleUtilities/NSData+zlib (~> 8.1)"
    - nanopb (~> 3.30910.0)
  - GoogleUtilities/AppDelegateSwizzler (8.1.0):
    - GoogleUtilities/Environment
    - GoogleUtilities/Logger
    - GoogleUtilities/Network
    - GoogleUtilities/Privacy
  - GoogleUtilities/Environment (8.1.0):
    - GoogleUtilities/Privacy
  - GoogleUtilities/Logger (8.1.0):
    - GoogleUtilities/Environment
    - GoogleUtilities/Privacy
  - GoogleUtilities/MethodSwizzler (8.1.0):
    - GoogleUtilities/Logger
    - GoogleUtilities/Privacy
  - GoogleUtilities/Network (8.1.0):
    - GoogleUtilities/Logger
    - "GoogleUtilities/NSData+zlib"
    - GoogleUtilities/Privacy
    - GoogleUtilities/Reachability
  - "GoogleUtilities/NSData+zlib (8.1.0)":
    - GoogleUtilities/Privacy
  - GoogleUtilities/Privacy (8.1.0)
  - GoogleUtilities/Reachability (8.1.0):
    - GoogleUtilities/Logger
    - GoogleUtilities/Privacy
  - GoogleUtilities/UserDefaults (8.1.0):
    - GoogleUtilities/Logger
    - GoogleUtilities/Privacy
  - nanopb (3.30910.0):
    - nanopb/decode (= 3.30910.0)
    - nanopb/encode (= 3.30910.0)
  - nanopb/decode (3.30910.0)
  - nanopb/encode (3.30910.0)
  - path_provider_foundation (0.0.1):
    - Flutter
    - FlutterMacOS
  - permission_handler_apple (9.3.0):
    - Flutter
  - PromisesObjC (2.4.0)
  - spine_flutter (0.0.1):
    - Flutter
  - sqflite (0.0.3):
    - Flutter
    - FlutterMacOS
  - url_launcher_ios (0.0.1):
    - Flutter
  - webview_flutter_wkwebview (0.0.1):
    - Flutter
    - FlutterMacOS

DEPENDENCIES:
  - adjust_sdk (from `.symlinks/plugins/adjust_sdk/ios`)
  - app_settings (from `.symlinks/plugins/app_settings/ios`)
  - applovin_max (from `.symlinks/plugins/applovin_max/ios`)
  - audioplayers_darwin (from `.symlinks/plugins/audioplayers_darwin/darwin`)
  - connectivity_plus (from `.symlinks/plugins/connectivity_plus/ios`)
  - firebase_analytics (from `.symlinks/plugins/firebase_analytics/ios`)
  - firebase_core (from `.symlinks/plugins/firebase_core/ios`)
  - firebase_remote_config (from `.symlinks/plugins/firebase_remote_config/ios`)
  - flora121_base (from `.symlinks/plugins/flora121_base/ios`)
  - flora121_package_a (from `.symlinks/plugins/flora121_package_a/ios`)
  - flora121_package_b (from `.symlinks/plugins/flora121_package_b/ios`)
  - Flutter (from `Flutter`)
  - flutter_app_lifecycle (from `.symlinks/plugins/flutter_app_lifecycle/ios`)
  - flutter_check_adjust (from `.symlinks/plugins/flutter_check_adjust/ios`)
  - flutter_custom_facebook (from `.symlinks/plugins/flutter_custom_facebook/ios`)
  - flutter_ios_ad_plugins (from `.symlinks/plugins/flutter_ios_ad_plugins/ios`)
  - flutter_local_notifications (from `.symlinks/plugins/flutter_local_notifications/ios`)
  - flutter_tba_info (from `.symlinks/plugins/flutter_tba_info/ios`)
  - fluttertoast (from `.symlinks/plugins/fluttertoast/ios`)
  - path_provider_foundation (from `.symlinks/plugins/path_provider_foundation/darwin`)
  - permission_handler_apple (from `.symlinks/plugins/permission_handler_apple/ios`)
  - spine_flutter (from `.symlinks/plugins/spine_flutter/ios`)
  - sqflite (from `.symlinks/plugins/sqflite/darwin`)
  - url_launcher_ios (from `.symlinks/plugins/url_launcher_ios/ios`)
  - webview_flutter_wkwebview (from `.symlinks/plugins/webview_flutter_wkwebview/darwin`)

SPEC REPOS:
  trunk:
    - Adjust
    - AdjustSignature
    - AppLovinSDK
    - FBAEMKit
    - FBSDKCoreKit
    - FBSDKCoreKit_Basics
    - Firebase
    - FirebaseABTesting
    - FirebaseAnalytics
    - FirebaseCore
    - FirebaseCoreInternal
    - FirebaseInstallations
    - FirebaseRemoteConfig
    - FirebaseRemoteConfigInterop
    - FirebaseSharedSwift
    - GoogleAdsOnDeviceConversion
    - GoogleAppMeasurement
    - GoogleUtilities
    - nanopb
    - PromisesObjC

EXTERNAL SOURCES:
  adjust_sdk:
    :path: ".symlinks/plugins/adjust_sdk/ios"
  app_settings:
    :path: ".symlinks/plugins/app_settings/ios"
  applovin_max:
    :path: ".symlinks/plugins/applovin_max/ios"
  audioplayers_darwin:
    :path: ".symlinks/plugins/audioplayers_darwin/darwin"
  connectivity_plus:
    :path: ".symlinks/plugins/connectivity_plus/ios"
  firebase_analytics:
    :path: ".symlinks/plugins/firebase_analytics/ios"
  firebase_core:
    :path: ".symlinks/plugins/firebase_core/ios"
  firebase_remote_config:
    :path: ".symlinks/plugins/firebase_remote_config/ios"
  flora121_base:
    :path: ".symlinks/plugins/flora121_base/ios"
  flora121_package_a:
    :path: ".symlinks/plugins/flora121_package_a/ios"
  flora121_package_b:
    :path: ".symlinks/plugins/flora121_package_b/ios"
  Flutter:
    :path: Flutter
  flutter_app_lifecycle:
    :path: ".symlinks/plugins/flutter_app_lifecycle/ios"
  flutter_check_adjust:
    :path: ".symlinks/plugins/flutter_check_adjust/ios"
  flutter_custom_facebook:
    :path: ".symlinks/plugins/flutter_custom_facebook/ios"
  flutter_ios_ad_plugins:
    :path: ".symlinks/plugins/flutter_ios_ad_plugins/ios"
  flutter_local_notifications:
    :path: ".symlinks/plugins/flutter_local_notifications/ios"
  flutter_tba_info:
    :path: ".symlinks/plugins/flutter_tba_info/ios"
  fluttertoast:
    :path: ".symlinks/plugins/fluttertoast/ios"
  path_provider_foundation:
    :path: ".symlinks/plugins/path_provider_foundation/darwin"
  permission_handler_apple:
    :path: ".symlinks/plugins/permission_handler_apple/ios"
  spine_flutter:
    :path: ".symlinks/plugins/spine_flutter/ios"
  sqflite:
    :path: ".symlinks/plugins/sqflite/darwin"
  url_launcher_ios:
    :path: ".symlinks/plugins/url_launcher_ios/ios"
  webview_flutter_wkwebview:
    :path: ".symlinks/plugins/webview_flutter_wkwebview/darwin"

SPEC CHECKSUMS:
  Adjust: 293c828a88a2c280471797edb3e895c80652a786
  adjust_sdk: c4a49624e0afc86cb438579624689e35024dcee1
  AdjustSignature: 94b6b7f7150edbbebc4320eeaddaac881f6e8e2d
  app_settings: 5127ae0678de1dcc19f2293271c51d37c89428b2
  applovin_max: a921604ba97b0400e3cdf4768da0aa53e756978e
  AppLovinSDK: bf8974163120910e6b902e9610e7c5a2c0f577b6
  audioplayers_darwin: 4f9ca89d92d3d21cec7ec580e78ca888e5fb68bd
  connectivity_plus: cb623214f4e1f6ef8fe7403d580fdad517d2f7dd
  FBAEMKit: 58cb5f302cdd715a56d4c1d0dfdd2e423ac1421a
  FBSDKCoreKit: 94d7461d0cecf441b1ba7c41acfff41daa8ccd41
  FBSDKCoreKit_Basics: 151b43db8b834d3f0e02f95d36a44ffd36265e45
  Firebase: d99ac19b909cd2c548339c2241ecd0d1599ab02e
  firebase_analytics: 740475b8bf6f9a79b04c2d55fe226a60679fe593
  firebase_core: ece862f94b2bc72ee0edbeec7ab5c7cb09fe1ab5
  firebase_remote_config: 88ede24650cdf0916188dc2fe4138e3a03e62712
  FirebaseABTesting: 5e9d432834aebf27ab72100d37af44dfbe8d82f7
  FirebaseAnalytics: 6433dfd311ba78084fc93bdfc145e8cb75740eae
  FirebaseCore: efb3893e5b94f32b86e331e3bd6dadf18b66568e
  FirebaseCoreInternal: 9afa45b1159304c963da48addb78275ef701c6b4
  FirebaseInstallations: 317270fec08a5d418fdbc8429282238cab3ac843
  FirebaseRemoteConfig: b496646b82855e174a7f1e354c65e0e913085168
  FirebaseRemoteConfigInterop: 1c6135e8a094cc6368949f5faeeca7ee8948b8aa
  FirebaseSharedSwift: e17c654ef1f1a616b0b33054e663ad1035c8fd40
  flora121_base: 6743247f9e342e1f7e8097de2570912be54df366
  flora121_package_a: bd61ed2ca85f1ec74f9e581dff1108239d2632a1
  flora121_package_b: 13bdc7a019a5da6435b7f094d0030bbb1d954360
  Flutter: cabc95a1d2626b1b06e7179b784ebcf0c0cde467
  flutter_app_lifecycle: 96f63b433a79e643add0fd0a58eabf1a0877e176
  flutter_check_adjust: adc82fd582b560941650bac5619ace8a6ebc890a
  flutter_custom_facebook: 678fe0063dc7c6666aa61b7cac845e0355c5a1e0
  flutter_ios_ad_plugins: d9d01161a4689041adfabfa5285acdd5b80e53f7
  flutter_local_notifications: a5a732f069baa862e728d839dd2ebb904737effb
  flutter_tba_info: fce89f2ce0bf3af177f0c88e99b153260bc6a7df
  fluttertoast: 2c67e14dce98bbdb200df9e1acf610d7a6264ea1
  GoogleAdsOnDeviceConversion: 2be6297a4f048459e0ae17fad9bfd2844e10cf64
  GoogleAppMeasurement: 700dce7541804bec33db590a5c496b663fbe2539
  GoogleUtilities: 00c88b9a86066ef77f0da2fab05f65d7768ed8e1
  nanopb: fad817b59e0457d11a5dfbde799381cd727c1275
  path_provider_foundation: 080d55be775b7414fd5a5ef3ac137b97b097e564
  permission_handler_apple: 4ed2196e43d0651e8ff7ca3483a069d469701f2d
  PromisesObjC: f5707f49cb48b9636751c5b2e7d227e43fba9f47
  spine_flutter: 946c9b7aa6878d41940d50892f2b55c28ca788aa
  sqflite: c35dad70033b8862124f8337cc994a809fcd9fa3
  url_launcher_ios: 7a95fa5b60cc718a708b8f2966718e93db0cef1b
  webview_flutter_wkwebview: 1821ceac936eba6f7984d89a9f3bcb4dea99ebb2

PODFILE CHECKSUM: 3c63482e143d1b91d2d2560aee9fb04ecc74ac7e

COCOAPODS: 1.16.2
